
Microsoft Visual Studio Solution File, Format Version 12.00
# Visual Studio Version 17
VisualStudioVersion = 17.11.35219.272
MinimumVisualStudioVersion = 10.0.40219.1
Project("{FAE04EC0-301F-11D3-BF4B-00C04F79EFBC}") = "TextEditor", "TextEditor.csproj", "{10E9E35B-073E-4527-8856-363531E1DDC7}"
EndProject
Global
	GlobalSection(SolutionConfigurationPlatforms) = preSolution
		Debug|Any CPU = Debug|Any CPU
		Release|Any CPU = Release|Any CPU
	EndGlobalSection
	GlobalSection(ProjectConfigurationPlatforms) = postSolution
		{10E9E35B-073E-4527-8856-363531E1DDC7}.Debug|Any CPU.ActiveCfg = Debug|Any CPU
		{10E9E35B-073E-4527-8856-363531E1DDC7}.Debug|Any CPU.Build.0 = Debug|Any CPU
		{10E9E35B-073E-4527-8856-363531E1DDC7}.Release|Any CPU.ActiveCfg = Release|Any CPU
		{10E9E35B-073E-4527-8856-363531E1DDC7}.Release|Any CPU.Build.0 = Release|Any CPU
	EndGlobalSection
	GlobalSection(SolutionProperties) = preSolution
		HideSolutionNode = FALSE
	EndGlobalSection
	GlobalSection(ExtensibilityGlobals) = postSolution
		SolutionGuid = {4037C021-CEF7-45AE-9A38-87C74A085D57}
	EndGlobalSection
EndGlobal
